{
    "_meta": {
        "hash": {
            "sha256": "2937e83103e8f64d88d62f60f31fc94033e1f3fc5d924d684f8b4416cede3955"
        },
        "pipfile-spec": 6,
        "requires": {
            "python_version": "3.9"
        },
        "sources": [
            {
                "name": "pypi",
                "url": "https://pypi.org/simple",
                "verify_ssl": true
            }
        ]
    },
    "default": {
        "pysqlite3": {
            "hashes": [
                "sha256:0352864898aa406beb762f4a620594c950a9a4430caab679bce574065698c8ac"
            ],
            "index": "pypi",
            "version": "==0.4.7"
        }
    },
    "develop": {}
}
